
Microsoft Visual Studio Solution File, Format Version 12.00
# Visual Studio Version 16
VisualStudioVersion = 16.0.31911.196
MinimumVisualStudioVersion = 10.0.40219.1
Project("{2150E333-8FDC-42A3-9474-1A3956D46DE8}") = "CleanArch.Application", "CleanArch.Application", "{45A55345-8F52-4507-94E4-3CBB63F69535}"
EndProject
Project("{2150E333-8FDC-42A3-9474-1A3956D46DE8}") = "CleanArch.Domain", "CleanArch.Domain", "{53BEF35D-D613-45A1-812B-BA1913CE523C}"
EndProject
Project("{2150E333-8FDC-42A3-9474-1A3956D46DE8}") = "CleanArch.Infra.IoC", "CleanArch.Infra.IoC", "{C2499CF7-BE67-44FA-9716-42B77962FE07}"
EndProject
Project("{2150E333-8FDC-42A3-9474-1A3956D46DE8}") = "CleanArch.Infra.Data", "CleanArch.Infra.Data", "{6791BFE5-8D12-4ADC-81B4-1C467B26E304}"
EndProject
Project("{2150E333-8FDC-42A3-9474-1A3956D46DE8}") = "CleanArch.UI.MVC", "CleanArch.UI.MVC", "{CFAD400E-5A7A-40AA-A57C-D7D80D0FB0CD}"
EndProject
Project("{9A19103F-16F7-4668-BE54-9A1E7A4F7556}") = "CleanArch.Mvc", "CleanArch.Mvc\CleanArch.Mvc.csproj", "{203DF6A9-3512-44AA-9DED-99F89D3242D4}"
EndProject
Project("{9A19103F-16F7-4668-BE54-9A1E7A4F7556}") = "CleanArch.Domain", "CleanArch.Domain\CleanArch.Domain.csproj", "{1919547C-47B4-48AA-B1C5-B929368D06A9}"
EndProject
Project("{9A19103F-16F7-4668-BE54-9A1E7A4F7556}") = "CleanArch.Infra.Data", "CleanArch.Infra.Data\CleanArch.Infra.Data.csproj", "{52198982-35B9-42C1-B9C3-98FEC8643779}"
EndProject
Project("{FAE04EC0-301F-11D3-BF4B-00C04F79EFBC}") = "CleanArch.Application", "CleanArch.Application\CleanArch.Application.csproj", "{01D25557-A655-4947-9FAD-26102C315402}"
EndProject
Project("{FAE04EC0-301F-11D3-BF4B-00C04F79EFBC}") = "CleanArch.Infra.IOC", "CleanArch.Infra.IOC\CleanArch.Infra.IOC.csproj", "{B6BEBECF-8329-4239-BCC8-27F6D1B34719}"
EndProject
Global
	GlobalSection(SolutionConfigurationPlatforms) = preSolution
		Debug|Any CPU = Debug|Any CPU
		Release|Any CPU = Release|Any CPU
	EndGlobalSection
	GlobalSection(ProjectConfigurationPlatforms) = postSolution
		{203DF6A9-3512-44AA-9DED-99F89D3242D4}.Debug|Any CPU.ActiveCfg = Debug|Any CPU
		{203DF6A9-3512-44AA-9DED-99F89D3242D4}.Debug|Any CPU.Build.0 = Debug|Any CPU
		{203DF6A9-3512-44AA-9DED-99F89D3242D4}.Release|Any CPU.ActiveCfg = Release|Any CPU
		{203DF6A9-3512-44AA-9DED-99F89D3242D4}.Release|Any CPU.Build.0 = Release|Any CPU
		{1919547C-47B4-48AA-B1C5-B929368D06A9}.Debug|Any CPU.ActiveCfg = Debug|Any CPU
		{1919547C-47B4-48AA-B1C5-B929368D06A9}.Debug|Any CPU.Build.0 = Debug|Any CPU
		{1919547C-47B4-48AA-B1C5-B929368D06A9}.Release|Any CPU.ActiveCfg = Release|Any CPU
		{1919547C-47B4-48AA-B1C5-B929368D06A9}.Release|Any CPU.Build.0 = Release|Any CPU
		{52198982-35B9-42C1-B9C3-98FEC8643779}.Debug|Any CPU.ActiveCfg = Debug|Any CPU
		{52198982-35B9-42C1-B9C3-98FEC8643779}.Debug|Any CPU.Build.0 = Debug|Any CPU
		{52198982-35B9-42C1-B9C3-98FEC8643779}.Release|Any CPU.ActiveCfg = Release|Any CPU
		{52198982-35B9-42C1-B9C3-98FEC8643779}.Release|Any CPU.Build.0 = Release|Any CPU
		{01D25557-A655-4947-9FAD-26102C315402}.Debug|Any CPU.ActiveCfg = Debug|Any CPU
		{01D25557-A655-4947-9FAD-26102C315402}.Debug|Any CPU.Build.0 = Debug|Any CPU
		{01D25557-A655-4947-9FAD-26102C315402}.Release|Any CPU.ActiveCfg = Release|Any CPU
		{01D25557-A655-4947-9FAD-26102C315402}.Release|Any CPU.Build.0 = Release|Any CPU
		{B6BEBECF-8329-4239-BCC8-27F6D1B34719}.Debug|Any CPU.ActiveCfg = Debug|Any CPU
		{B6BEBECF-8329-4239-BCC8-27F6D1B34719}.Debug|Any CPU.Build.0 = Debug|Any CPU
		{B6BEBECF-8329-4239-BCC8-27F6D1B34719}.Release|Any CPU.ActiveCfg = Release|Any CPU
		{B6BEBECF-8329-4239-BCC8-27F6D1B34719}.Release|Any CPU.Build.0 = Release|Any CPU
	EndGlobalSection
	GlobalSection(SolutionProperties) = preSolution
		HideSolutionNode = FALSE
	EndGlobalSection
	GlobalSection(NestedProjects) = preSolution
		{203DF6A9-3512-44AA-9DED-99F89D3242D4} = {CFAD400E-5A7A-40AA-A57C-D7D80D0FB0CD}
		{1919547C-47B4-48AA-B1C5-B929368D06A9} = {53BEF35D-D613-45A1-812B-BA1913CE523C}
		{52198982-35B9-42C1-B9C3-98FEC8643779} = {6791BFE5-8D12-4ADC-81B4-1C467B26E304}
		{01D25557-A655-4947-9FAD-26102C315402} = {45A55345-8F52-4507-94E4-3CBB63F69535}
		{B6BEBECF-8329-4239-BCC8-27F6D1B34719} = {C2499CF7-BE67-44FA-9716-42B77962FE07}
	EndGlobalSection
	GlobalSection(ExtensibilityGlobals) = postSolution
		SolutionGuid = {D84EA564-DBD4-472B-81C6-64B78AFDB938}
	EndGlobalSection
EndGlobal
